
Microsoft Visual Studio Solution File, Format Version 12.00
# Visual Studio 15
VisualStudioVersion = 15.0.27428.2043
MinimumVisualStudioVersion = 10.0.40219.1
Project("{8BC9CEB8-8B4A-11D0-8D11-00A0C91BC942}") = "ADA_PortfolioAssignment_1", "ADA_PortfolioAssignment_1\ADA_PortfolioAssignment_1.vcxproj", "{8D313D7A-A85E-40C7-9AF8-8CA7AA5088FD}"
EndProject
Global
	GlobalSection(SolutionConfigurationPlatforms) = preSolution
		Debug|x64 = Debug|x64
		Debug|x86 = Debug|x86
		Release|x64 = Release|x64
		Release|x86 = Release|x86
	EndGlobalSection
	GlobalSection(ProjectConfigurationPlatforms) = postSolution
		{8D313D7A-A85E-40C7-9AF8-8CA7AA5088FD}.Debug|x64.ActiveCfg = Debug|x64
		{8D313D7A-A85E-40C7-9AF8-8CA7AA5088FD}.Debug|x64.Build.0 = Debug|x64
		{8D313D7A-A85E-40C7-9AF8-8CA7AA5088FD}.Debug|x86.ActiveCfg = Debug|Win32
		{8D313D7A-A85E-40C7-9AF8-8CA7AA5088FD}.Debug|x86.Build.0 = Debug|Win32
		{8D313D7A-A85E-40C7-9AF8-8CA7AA5088FD}.Release|x64.ActiveCfg = Release|x64
		{8D313D7A-A85E-40C7-9AF8-8CA7AA5088FD}.Release|x64.Build.0 = Release|x64
		{8D313D7A-A85E-40C7-9AF8-8CA7AA5088FD}.Release|x86.ActiveCfg = Release|Win32
		{8D313D7A-A85E-40C7-9AF8-8CA7AA5088FD}.Release|x86.Build.0 = Release|Win32
	EndGlobalSection
	GlobalSection(SolutionProperties) = preSolution
		HideSolutionNode = FALSE
	EndGlobalSection
	GlobalSection(ExtensibilityGlobals) = postSolution
		SolutionGuid = {B4E38A90-EFD5-4580-9E78-AC478C6D99DC}
	EndGlobalSection
EndGlobal
